// !$*UTF8*$!
{
	archiveVersion = 1;
	classes = {
	};
	objectVersion = 50;
	objects = {

/* Begin PBXBuildFile section */
		2342B3CF519D340C4215921E /* libPods-CustomDemo10.a in Frameworks */ = {isa = PBXBuildFile; fileRef = FE44E8042C31BDC4E3535EF4 /* libPods-CustomDemo10.a */; };
		85C8772622699A52004504BE /* AppDelegate.m in Sources */ = {isa = PBXBuildFile; fileRef = 85C8772522699A52004504BE /* AppDelegate.m */; };
		85C8772922699A52004504BE /* ViewController.m in Sources */ = {isa = PBXBuildFile; fileRef = 85C8772822699A52004504BE /* ViewController.m */; };
		85C8772C22699A52004504BE /* Main.storyboard in Resources */ = {isa = PBXBuildFile; fileRef = 85C8772A22699A52004504BE /* Main.storyboard */; };
		85C8772E22699A53004504BE /* Assets.xcassets in Resources */ = {isa = PBXBuildFile; fileRef = 85C8772D22699A53004504BE /* Assets.xcassets */; };
		85C8773122699A53004504BE /* LaunchScreen.storyboard in Resources */ = {isa = PBXBuildFile; fileRef = 85C8772F22699A53004504BE /* LaunchScreen.storyboard */; };
		85C8773422699A53004504BE /* main.m in Sources */ = {isa = PBXBuildFile; fileRef = 85C8773322699A53004504BE /* main.m */; };
		85C8773E22699B32004504BE /* libHYYBase.a in Frameworks */ = {isa = PBXBuildFile; fileRef = 85C8773D22699B32004504BE /* libHYYBase.a */; };
		85C8776C2269B364004504BE /* libHYYHome.a in Frameworks */ = {isa = PBXBuildFile; fileRef = 85C8776B2269B364004504BE /* libHYYHome.a */; };
		85C8779A2269C0CE004504BE /* libHYYMine.a in Frameworks */ = {isa = PBXBuildFile; fileRef = 85C877992269C0CE004504BE /* libHYYMine.a */; };
		85C877B12269C175004504BE /* libHYYCategory.a in Frameworks */ = {isa = PBXBuildFile; fileRef = 85C877B02269C175004504BE /* libHYYCategory.a */; };
		85C877BB2269CBA5004504BE /* ViewController.m in Sources */ = {isa = PBXBuildFile; fileRef = 85C8772822699A52004504BE /* ViewController.m */; };
		85C877BC2269CBA5004504BE /* main.m in Sources */ = {isa = PBXBuildFile; fileRef = 85C8773322699A53004504BE /* main.m */; };
		85C877BD2269CBA5004504BE /* AppDelegate.m in Sources */ = {isa = PBXBuildFile; fileRef = 85C8772522699A52004504BE /* AppDelegate.m */; };
		85C877BF2269CBA5004504BE /* libDebug.a in Frameworks */ = {isa = PBXBuildFile; fileRef = 85C877B52269C36F004504BE /* libDebug.a */; };
		85C877C02269CBA5004504BE /* libHYYCategory.a in Frameworks */ = {isa = PBXBuildFile; fileRef = 85C877B02269C175004504BE /* libHYYCategory.a */; };
		85C877C12269CBA5004504BE /* libHYYMine.a in Frameworks */ = {isa = PBXBuildFile; fileRef = 85C877992269C0CE004504BE /* libHYYMine.a */; };
		85C877C22269CBA5004504BE /* libHYYHome.a in Frameworks */ = {isa = PBXBuildFile; fileRef = 85C8776B2269B364004504BE /* libHYYHome.a */; };
		85C877C32269CBA5004504BE /* libHYYBase.a in Frameworks */ = {isa = PBXBuildFile; fileRef = 85C8773D22699B32004504BE /* libHYYBase.a */; };
		85C877C62269CBA5004504BE /* LaunchScreen.storyboard in Resources */ = {isa = PBXBuildFile; fileRef = 85C8772F22699A53004504BE /* LaunchScreen.storyboard */; };
		85C877C72269CBA5004504BE /* Assets.xcassets in Resources */ = {isa = PBXBuildFile; fileRef = 85C8772D22699A53004504BE /* Assets.xcassets */; };
		85C877C82269CBA5004504BE /* Main.storyboard in Resources */ = {isa = PBXBuildFile; fileRef = 85C8772A22699A52004504BE /* Main.storyboard */; };
		9980B09E1612E27939211E1E /* libPods-CustomDemoDebug.a in Frameworks */ = {isa = PBXBuildFile; fileRef = F2B23870D220D0A2A38FDED9 /* libPods-CustomDemoDebug.a */; };
/* End PBXBuildFile section */

/* Begin PBXCopyFilesBuildPhase section */
		85C877542269AFE9004504BE /* CopyFiles */ = {
			isa = PBXCopyFilesBuildPhase;
			buildActionMask = 2147483647;
			dstPath = "";
			dstSubfolderSpec = 10;
			files = (
			);
			runOnlyForDeploymentPostprocessing = 0;
		};
		85C877C92269CBA5004504BE /* CopyFiles */ = {
			isa = PBXCopyFilesBuildPhase;
			buildActionMask = 2147483647;
			dstPath = "";
			dstSubfolderSpec = 10;
			files = (
			);
			runOnlyForDeploymentPostprocessing = 0;
		};
/* End PBXCopyFilesBuildPhase section */

/* Begin PBXFileReference section */
		14D8D75A229C21BB549AB8D6 /* Pods-CustomDemoDebug.release.xcconfig */ = {isa = PBXFileReference; includeInIndex = 1; lastKnownFileType = text.xcconfig; name = "Pods-CustomDemoDebug.release.xcconfig"; path = "Target Support Files/Pods-CustomDemoDebug/Pods-CustomDemoDebug.release.xcconfig"; sourceTree = "<group>"; };
		2744256768DB47432BCE0A66 /* Pods-CustomDemo10.release.xcconfig */ = {isa = PBXFileReference; includeInIndex = 1; lastKnownFileType = text.xcconfig; name = "Pods-CustomDemo10.release.xcconfig"; path = "Target Support Files/Pods-CustomDemo10/Pods-CustomDemo10.release.xcconfig"; sourceTree = "<group>"; };
		5DEFF8DAF52DA7E0BEF78901 /* Pods-CustomDemoDebug.debug.xcconfig */ = {isa = PBXFileReference; includeInIndex = 1; lastKnownFileType = text.xcconfig; name = "Pods-CustomDemoDebug.debug.xcconfig"; path = "Target Support Files/Pods-CustomDemoDebug/Pods-CustomDemoDebug.debug.xcconfig"; sourceTree = "<group>"; };
		601F8D833518CB1AFAE96AC3 /* Pods-CustomDemo10.debug.xcconfig */ = {isa = PBXFileReference; includeInIndex = 1; lastKnownFileType = text.xcconfig; name = "Pods-CustomDemo10.debug.xcconfig"; path = "Target Support Files/Pods-CustomDemo10/Pods-CustomDemo10.debug.xcconfig"; sourceTree = "<group>"; };
		85C8772122699A52004504BE /* CustomDemo10.app */ = {isa = PBXFileReference; explicitFileType = wrapper.application; includeInIndex = 0; path = CustomDemo10.app; sourceTree = BUILT_PRODUCTS_DIR; };
		85C8772422699A52004504BE /* AppDelegate.h */ = {isa = PBXFileReference; lastKnownFileType = sourcecode.c.h; path = AppDelegate.h; sourceTree = "<group>"; };
		85C8772522699A52004504BE /* AppDelegate.m */ = {isa = PBXFileReference; lastKnownFileType = sourcecode.c.objc; path = AppDelegate.m; sourceTree = "<group>"; };
		85C8772722699A52004504BE /* ViewController.h */ = {isa = PBXFileReference; lastKnownFileType = sourcecode.c.h; path = ViewController.h; sourceTree = "<group>"; };
		85C8772822699A52004504BE /* ViewController.m */ = {isa = PBXFileReference; lastKnownFileType = sourcecode.c.objc; path = ViewController.m; sourceTree = "<group>"; };
		85C8772B22699A52004504BE /* Base */ = {isa = PBXFileReference; lastKnownFileType = file.storyboard; name = Base; path = Base.lproj/Main.storyboard; sourceTree = "<group>"; };
		85C8772D22699A53004504BE /* Assets.xcassets */ = {isa = PBXFileReference; lastKnownFileType = folder.assetcatalog; path = Assets.xcassets; sourceTree = "<group>"; };
		85C8773022699A53004504BE /* Base */ = {isa = PBXFileReference; lastKnownFileType = file.storyboard; name = Base; path = Base.lproj/LaunchScreen.storyboard; sourceTree = "<group>"; };
		85C8773322699A53004504BE /* main.m */ = {isa = PBXFileReference; lastKnownFileType = sourcecode.c.objc; path = main.m; sourceTree = "<group>"; };
		85C8773D22699B32004504BE /* libHYYBase.a */ = {isa = PBXFileReference; explicitFileType = archive.ar; path = libHYYBase.a; sourceTree = BUILT_PRODUCTS_DIR; };
		85C8776B2269B364004504BE /* libHYYHome.a */ = {isa = PBXFileReference; explicitFileType = archive.ar; path = libHYYHome.a; sourceTree = BUILT_PRODUCTS_DIR; };
		85C877822269BCC1004504BE /* Info.plist */ = {isa = PBXFileReference; fileEncoding = 4; lastKnownFileType = text.plist.xml; path = Info.plist; sourceTree = "<group>"; };
		85C877992269C0CE004504BE /* libHYYMine.a */ = {isa = PBXFileReference; explicitFileType = archive.ar; path = libHYYMine.a; sourceTree = BUILT_PRODUCTS_DIR; };
		85C877B02269C175004504BE /* libHYYCategory.a */ = {isa = PBXFileReference; explicitFileType = archive.ar; path = libHYYCategory.a; sourceTree = BUILT_PRODUCTS_DIR; };
		85C877B52269C36F004504BE /* libDebug.a */ = {isa = PBXFileReference; explicitFileType = archive.ar; path = libDebug.a; sourceTree = BUILT_PRODUCTS_DIR; };
		85C877B72269C6F1004504BE /* README.md */ = {isa = PBXFileReference; lastKnownFileType = net.daringfireball.markdown; path = README.md; sourceTree = "<group>"; };
		85C877CD2269CBA5004504BE /* CustomDemoDebug.app */ = {isa = PBXFileReference; explicitFileType = wrapper.application; includeInIndex = 0; path = CustomDemoDebug.app; sourceTree = BUILT_PRODUCTS_DIR; };
		85C877CE2269CBA6004504BE /* CustomDemo10Debug.plist */ = {isa = PBXFileReference; lastKnownFileType = text.plist; name = CustomDemo10Debug.plist; path = /Users/hu/MoreWork/workspace/CustomDemo10Debug.plist; sourceTree = "<absolute>"; };
		F2B23870D220D0A2A38FDED9 /* libPods-CustomDemoDebug.a */ = {isa = PBXFileReference; explicitFileType = archive.ar; includeInIndex = 0; path = "libPods-CustomDemoDebug.a"; sourceTree = BUILT_PRODUCTS_DIR; };
		FE44E8042C31BDC4E3535EF4 /* libPods-CustomDemo10.a */ = {isa = PBXFileReference; explicitFileType = archive.ar; includeInIndex = 0; path = "libPods-CustomDemo10.a"; sourceTree = BUILT_PRODUCTS_DIR; };
/* End PBXFileReference section */

/* Begin PBXFrameworksBuildPhase section */
		85C8771E22699A52004504BE /* Frameworks */ = {
			isa = PBXFrameworksBuildPhase;
			buildActionMask = 2147483647;
			files = (
				85C877B12269C175004504BE /* libHYYCategory.a in Frameworks */,
				85C8779A2269C0CE004504BE /* libHYYMine.a in Frameworks */,
				85C8776C2269B364004504BE /* libHYYHome.a in Frameworks */,
				85C8773E22699B32004504BE /* libHYYBase.a in Frameworks */,
				2342B3CF519D340C4215921E /* libPods-CustomDemo10.a in Frameworks */,
			);
			runOnlyForDeploymentPostprocessing = 0;
		};
		85C877BE2269CBA5004504BE /* Frameworks */ = {
			isa = PBXFrameworksBuildPhase;
			buildActionMask = 2147483647;
			files = (
				85C877BF2269CBA5004504BE /* libDebug.a in Frameworks */,
				85C877C02269CBA5004504BE /* libHYYCategory.a in Frameworks */,
				85C877C12269CBA5004504BE /* libHYYMine.a in Frameworks */,
				85C877C22269CBA5004504BE /* libHYYHome.a in Frameworks */,
				85C877C32269CBA5004504BE /* libHYYBase.a in Frameworks */,
				9980B09E1612E27939211E1E /* libPods-CustomDemoDebug.a in Frameworks */,
			);
			runOnlyForDeploymentPostprocessing = 0;
		};
/* End PBXFrameworksBuildPhase section */

/* Begin PBXGroup section */
		6FEFB4D0613B8843F4311E8A /* Pods */ = {
			isa = PBXGroup;
			children = (
				601F8D833518CB1AFAE96AC3 /* Pods-CustomDemo10.debug.xcconfig */,
				2744256768DB47432BCE0A66 /* Pods-CustomDemo10.release.xcconfig */,
				5DEFF8DAF52DA7E0BEF78901 /* Pods-CustomDemoDebug.debug.xcconfig */,
				14D8D75A229C21BB549AB8D6 /* Pods-CustomDemoDebug.release.xcconfig */,
			);
			path = Pods;
			sourceTree = "<group>";
		};
		85C8771822699A52004504BE = {
			isa = PBXGroup;
			children = (
				85C877B72269C6F1004504BE /* README.md */,
				85C8772322699A52004504BE /* CustomDemo10 */,
				85C8772222699A52004504BE /* Products */,
				85C8773A22699B2F004504BE /* Frameworks */,
				6FEFB4D0613B8843F4311E8A /* Pods */,
				85C877CE2269CBA6004504BE /* CustomDemo10Debug.plist */,
			);
			sourceTree = "<group>";
		};
		85C8772222699A52004504BE /* Products */ = {
			isa = PBXGroup;
			children = (
				85C8772122699A52004504BE /* CustomDemo10.app */,
				85C877CD2269CBA5004504BE /* CustomDemoDebug.app */,
			);
			name = Products;
			sourceTree = "<group>";
		};
		85C8772322699A52004504BE /* CustomDemo10 */ = {
			isa = PBXGroup;
			children = (
				85C8772422699A52004504BE /* AppDelegate.h */,
				85C8772522699A52004504BE /* AppDelegate.m */,
				85C8772722699A52004504BE /* ViewController.h */,
				85C8772822699A52004504BE /* ViewController.m */,
				85C8772A22699A52004504BE /* Main.storyboard */,
				85C8772D22699A53004504BE /* Assets.xcassets */,
				85C8772F22699A53004504BE /* LaunchScreen.storyboard */,
				85C877822269BCC1004504BE /* Info.plist */,
				85C8773322699A53004504BE /* main.m */,
			);
			path = CustomDemo10;
			sourceTree = "<group>";
		};
		85C8773A22699B2F004504BE /* Frameworks */ = {
			isa = PBXGroup;
			children = (
				85C877B52269C36F004504BE /* libDebug.a */,
				85C877B02269C175004504BE /* libHYYCategory.a */,
				85C877992269C0CE004504BE /* libHYYMine.a */,
				85C8776B2269B364004504BE /* libHYYHome.a */,
				85C8773D22699B32004504BE /* libHYYBase.a */,
				FE44E8042C31BDC4E3535EF4 /* libPods-CustomDemo10.a */,
				F2B23870D220D0A2A38FDED9 /* libPods-CustomDemoDebug.a */,
			);
			name = Frameworks;
			sourceTree = "<group>";
		};
/* End PBXGroup section */

/* Begin PBXNativeTarget section */
		85C8772022699A52004504BE /* CustomDemo10 */ = {
			isa = PBXNativeTarget;
			buildConfigurationList = 85C8773722699A53004504BE /* Build configuration list for PBXNativeTarget "CustomDemo10" */;
			buildPhases = (
				77327E31736DF3AEC92EB41C /* [CP] Check Pods Manifest.lock */,
				85C8771D22699A52004504BE /* Sources */,
				85C8771E22699A52004504BE /* Frameworks */,
				85C8771F22699A52004504BE /* Resources */,
				85C877542269AFE9004504BE /* CopyFiles */,
			);
			buildRules = (
			);
			dependencies = (
			);
			name = CustomDemo10;
			productName = CustomDemo10;
			productReference = 85C8772122699A52004504BE /* CustomDemo10.app */;
			productType = "com.apple.product-type.application";
		};
		85C877B82269CBA5004504BE /* CustomDemoDebug */ = {
			isa = PBXNativeTarget;
			buildConfigurationList = 85C877CA2269CBA5004504BE /* Build configuration list for PBXNativeTarget "CustomDemoDebug" */;
			buildPhases = (
				85C877B92269CBA5004504BE /* [CP] Check Pods Manifest.lock */,
				85C877BA2269CBA5004504BE /* Sources */,
				85C877BE2269CBA5004504BE /* Frameworks */,
				85C877C52269CBA5004504BE /* Resources */,
				85C877C92269CBA5004504BE /* CopyFiles */,
			);
			buildRules = (
			);
			dependencies = (
			);
			name = CustomDemoDebug;
			productName = CustomDemo10;
			productReference = 85C877CD2269CBA5004504BE /* CustomDemoDebug.app */;
			productType = "com.apple.product-type.application";
		};
/* End PBXNativeTarget section */

/* Begin PBXProject section */
		85C8771922699A52004504BE /* Project object */ = {
			isa = PBXProject;
			attributes = {
				LastUpgradeCheck = 1020;
				ORGANIZATIONNAME = huyiyong;
				TargetAttributes = {
					85C8772022699A52004504BE = {
						CreatedOnToolsVersion = 10.2;
					};
				};
			};
			buildConfigurationList = 85C8771C22699A52004504BE /* Build configuration list for PBXProject "CustomDemo10" */;
			compatibilityVersion = "Xcode 9.3";
			developmentRegion = en;
			hasScannedForEncodings = 0;
			knownRegions = (
				en,
				Base,
			);
			mainGroup = 85C8771822699A52004504BE;
			productRefGroup = 85C8772222699A52004504BE /* Products */;
			projectDirPath = "";
			projectRoot = "";
			targets = (
				85C8772022699A52004504BE /* CustomDemo10 */,
				85C877B82269CBA5004504BE /* CustomDemoDebug */,
			);
		};
/* End PBXProject section */

/* Begin PBXResourcesBuildPhase section */
		85C8771F22699A52004504BE /* Resources */ = {
			isa = PBXResourcesBuildPhase;
			buildActionMask = 2147483647;
			files = (
				85C8773122699A53004504BE /* LaunchScreen.storyboard in Resources */,
				85C8772E22699A53004504BE /* Assets.xcassets in Resources */,
				85C8772C22699A52004504BE /* Main.storyboard in Resources */,
			);
			runOnlyForDeploymentPostprocessing = 0;
		};
		85C877C52269CBA5004504BE /* Resources */ = {
			isa = PBXResourcesBuildPhase;
			buildActionMask = 2147483647;
			files = (
				85C877C62269CBA5004504BE /* LaunchScreen.storyboard in Resources */,
				85C877C72269CBA5004504BE /* Assets.xcassets in Resources */,
				85C877C82269CBA5004504BE /* Main.storyboard in Resources */,
			);
			runOnlyForDeploymentPostprocessing = 0;
		};
/* End PBXResourcesBuildPhase section */

/* Begin PBXShellScriptBuildPhase section */
		77327E31736DF3AEC92EB41C /* [CP] Check Pods Manifest.lock */ = {
			isa = PBXShellScriptBuildPhase;
			buildActionMask = 2147483647;
			files = (
			);
			inputFileListPaths = (
			);
			inputPaths = (
				"${PODS_PODFILE_DIR_PATH}/Podfile.lock",
				"${PODS_ROOT}/Manifest.lock",
			);
			name = "[CP] Check Pods Manifest.lock";
			outputFileListPaths = (
			);
			outputPaths = (
				"$(DERIVED_FILE_DIR)/Pods-CustomDemo10-checkManifestLockResult.txt",
			);
			runOnlyForDeploymentPostprocessing = 0;
			shellPath = /bin/sh;
			shellScript = "diff \"${PODS_PODFILE_DIR_PATH}/Podfile.lock\" \"${PODS_ROOT}/Manifest.lock\" > /dev/null\nif [ $? != 0 ] ; then\n    # print error to STDERR\n    echo \"error: The sandbox is not in sync with the Podfile.lock. Run 'pod install' or update your CocoaPods installation.\" >&2\n    exit 1\nfi\n# This output is used by Xcode 'outputs' to avoid re-running this script phase.\necho \"SUCCESS\" > \"${SCRIPT_OUTPUT_FILE_0}\"\n";
			showEnvVarsInLog = 0;
		};
		85C877B92269CBA5004504BE /* [CP] Check Pods Manifest.lock */ = {
			isa = PBXShellScriptBuildPhase;
			buildActionMask = 2147483647;
			files = (
			);
			inputFileListPaths = (
			);
			inputPaths = (
				"${PODS_PODFILE_DIR_PATH}/Podfile.lock",
				"${PODS_ROOT}/Manifest.lock",
			);
			name = "[CP] Check Pods Manifest.lock";
			outputFileListPaths = (
			);
			outputPaths = (
				"$(DERIVED_FILE_DIR)/Pods-CustomDemoDebug-checkManifestLockResult.txt",
			);
			runOnlyForDeploymentPostprocessing = 0;
			shellPath = /bin/sh;
			shellScript = "diff \"${PODS_PODFILE_DIR_PATH}/Podfile.lock\" \"${PODS_ROOT}/Manifest.lock\" > /dev/null\nif [ $? != 0 ] ; then\n    # print error to STDERR\n    echo \"error: The sandbox is not in sync with the Podfile.lock. Run 'pod install' or update your CocoaPods installation.\" >&2\n    exit 1\nfi\n# This output is used by Xcode 'outputs' to avoid re-running this script phase.\necho \"SUCCESS\" > \"${SCRIPT_OUTPUT_FILE_0}\"\n";
			showEnvVarsInLog = 0;
		};
/* End PBXShellScriptBuildPhase section */

/* Begin PBXSourcesBuildPhase section */
		85C8771D22699A52004504BE /* Sources */ = {
			isa = PBXSourcesBuildPhase;
			buildActionMask = 2147483647;
			files = (
				85C8772922699A52004504BE /* ViewController.m in Sources */,
				85C8773422699A53004504BE /* main.m in Sources */,
				85C8772622699A52004504BE /* AppDelegate.m in Sources */,
			);
			runOnlyForDeploymentPostprocessing = 0;
		};
		85C877BA2269CBA5004504BE /* Sources */ = {
			isa = PBXSourcesBuildPhase;
			buildActionMask = 2147483647;
			files = (
				85C877BB2269CBA5004504BE /* ViewController.m in Sources */,
				85C877BC2269CBA5004504BE /* main.m in Sources */,
				85C877BD2269CBA5004504BE /* AppDelegate.m in Sources */,
			);
			runOnlyForDeploymentPostprocessing = 0;
		};
/* End PBXSourcesBuildPhase section */

/* Begin PBXVariantGroup section */
		85C8772A22699A52004504BE /* Main.storyboard */ = {
			isa = PBXVariantGroup;
			children = (
				85C8772B22699A52004504BE /* Base */,
			);
			name = Main.storyboard;
			sourceTree = "<group>";
		};
		85C8772F22699A53004504BE /* LaunchScreen.storyboard */ = {
			isa = PBXVariantGroup;
			children = (
				85C8773022699A53004504BE /* Base */,
			);
			name = LaunchScreen.storyboard;
			sourceTree = "<group>";
		};
/* End PBXVariantGroup section */

/* Begin XCBuildConfiguration section */
		85C8773522699A53004504BE /* Debug */ = {
			isa = XCBuildConfiguration;
			buildSettings = {
				ALWAYS_SEARCH_USER_PATHS = NO;
				CLANG_ANALYZER_NONNULL = YES;
				CLANG_ANALYZER_NUMBER_OBJECT_CONVERSION = YES_AGGRESSIVE;
				CLANG_CXX_LANGUAGE_STANDARD = "gnu++14";
				CLANG_CXX_LIBRARY = "libc++";
				CLANG_ENABLE_MODULES = YES;
				CLANG_ENABLE_OBJC_ARC = YES;
				CLANG_ENABLE_OBJC_WEAK = YES;
				CLANG_WARN_BLOCK_CAPTURE_AUTORELEASING = YES;
				CLANG_WARN_BOOL_CONVERSION = YES;
				CLANG_WARN_COMMA = YES;
				CLANG_WARN_CONSTANT_CONVERSION = YES;
				CLANG_WARN_DEPRECATED_OBJC_IMPLEMENTATIONS = YES;
				CLANG_WARN_DIRECT_OBJC_ISA_USAGE = YES_ERROR;
				CLANG_WARN_DOCUMENTATION_COMMENTS = YES;
				CLANG_WARN_EMPTY_BODY = YES;
				CLANG_WARN_ENUM_CONVERSION = YES;
				CLANG_WARN_INFINITE_RECURSION = YES;
				CLANG_WARN_INT_CONVERSION = YES;
				CLANG_WARN_NON_LITERAL_NULL_CONVERSION = YES;
				CLANG_WARN_OBJC_IMPLICIT_RETAIN_SELF = YES;
				CLANG_WARN_OBJC_LITERAL_CONVERSION = YES;
				CLANG_WARN_OBJC_ROOT_CLASS = YES_ERROR;
				CLANG_WARN_RANGE_LOOP_ANALYSIS = YES;
				CLANG_WARN_STRICT_PROTOTYPES = YES;
				CLANG_WARN_SUSPICIOUS_MOVE = YES;
				CLANG_WARN_UNGUARDED_AVAILABILITY = YES_AGGRESSIVE;
				CLANG_WARN_UNREACHABLE_CODE = YES;
				CLANG_WARN__DUPLICATE_METHOD_MATCH = YES;
				CODE_SIGN_IDENTITY = "iPhone Developer";
				COPY_PHASE_STRIP = NO;
				DEBUG_INFORMATION_FORMAT = dwarf;
				ENABLE_STRICT_OBJC_MSGSEND = YES;
				ENABLE_TESTABILITY = YES;
				GCC_C_LANGUAGE_STANDARD = gnu11;
				GCC_DYNAMIC_NO_PIC = NO;
				GCC_NO_COMMON_BLOCKS = YES;
				GCC_OPTIMIZATION_LEVEL = 0;
				GCC_PREPROCESSOR_DEFINITIONS = (
					"DEBUG=1",
					"$(inherited)",
				);
				GCC_WARN_64_TO_32_BIT_CONVERSION = YES;
				GCC_WARN_ABOUT_RETURN_TYPE = YES_ERROR;
				GCC_WARN_UNDECLARED_SELECTOR = YES;
				GCC_WARN_UNINITIALIZED_AUTOS = YES_AGGRESSIVE;
				GCC_WARN_UNUSED_FUNCTION = YES;
				GCC_WARN_UNUSED_VARIABLE = YES;
				IPHONEOS_DEPLOYMENT_TARGET = 9.3;
				MTL_ENABLE_DEBUG_INFO = INCLUDE_SOURCE;
				MTL_FAST_MATH = YES;
				ONLY_ACTIVE_ARCH = YES;
				SDKROOT = iphoneos;
			};
			name = Debug;
		};
		85C8773622699A53004504BE /* Release */ = {
			isa = XCBuildConfiguration;
			buildSettings = {
				ALWAYS_SEARCH_USER_PATHS = NO;
				CLANG_ANALYZER_NONNULL = YES;
				CLANG_ANALYZER_NUMBER_OBJECT_CONVERSION = YES_AGGRESSIVE;
				CLANG_CXX_LANGUAGE_STANDARD = "gnu++14";
				CLANG_CXX_LIBRARY = "libc++";
				CLANG_ENABLE_MODULES = YES;
				CLANG_ENABLE_OBJC_ARC = YES;
				CLANG_ENABLE_OBJC_WEAK = YES;
				CLANG_WARN_BLOCK_CAPTURE_AUTORELEASING = YES;
				CLANG_WARN_BOOL_CONVERSION = YES;
				CLANG_WARN_COMMA = YES;
				CLANG_WARN_CONSTANT_CONVERSION = YES;
				CLANG_WARN_DEPRECATED_OBJC_IMPLEMENTATIONS = YES;
				CLANG_WARN_DIRECT_OBJC_ISA_USAGE = YES_ERROR;
				CLANG_WARN_DOCUMENTATION_COMMENTS = YES;
				CLANG_WARN_EMPTY_BODY = YES;
				CLANG_WARN_ENUM_CONVERSION = YES;
				CLANG_WARN_INFINITE_RECURSION = YES;
				CLANG_WARN_INT_CONVERSION = YES;
				CLANG_WARN_NON_LITERAL_NULL_CONVERSION = YES;
				CLANG_WARN_OBJC_IMPLICIT_RETAIN_SELF = YES;
				CLANG_WARN_OBJC_LITERAL_CONVERSION = YES;
				CLANG_WARN_OBJC_ROOT_CLASS = YES_ERROR;
				CLANG_WARN_RANGE_LOOP_ANALYSIS = YES;
				CLANG_WARN_STRICT_PROTOTYPES = YES;
				CLANG_WARN_SUSPICIOUS_MOVE = YES;
				CLANG_WARN_UNGUARDED_AVAILABILITY = YES_AGGRESSIVE;
				CLANG_WARN_UNREACHABLE_CODE = YES;
				CLANG_WARN__DUPLICATE_METHOD_MATCH = YES;
				CODE_SIGN_IDENTITY = "iPhone Developer";
				COPY_PHASE_STRIP = NO;
				DEBUG_INFORMATION_FORMAT = "dwarf-with-dsym";
				ENABLE_NS_ASSERTIONS = NO;
				ENABLE_STRICT_OBJC_MSGSEND = YES;
				GCC_C_LANGUAGE_STANDARD = gnu11;
				GCC_NO_COMMON_BLOCKS = YES;
				GCC_WARN_64_TO_32_BIT_CONVERSION = YES;
				GCC_WARN_ABOUT_RETURN_TYPE = YES_ERROR;
				GCC_WARN_UNDECLARED_SELECTOR = YES;
				GCC_WARN_UNINITIALIZED_AUTOS = YES_AGGRESSIVE;
				GCC_WARN_UNUSED_FUNCTION = YES;
				GCC_WARN_UNUSED_VARIABLE = YES;
				IPHONEOS_DEPLOYMENT_TARGET = 9.3;
				MTL_ENABLE_DEBUG_INFO = NO;
				MTL_FAST_MATH = YES;
				SDKROOT = iphoneos;
				VALIDATE_PRODUCT = YES;
			};
			name = Release;
		};
		85C8773822699A53004504BE /* Debug */ = {
			isa = XCBuildConfiguration;
			baseConfigurationReference = 601F8D833518CB1AFAE96AC3 /* Pods-CustomDemo10.debug.xcconfig */;
			buildSettings = {
				ASSETCATALOG_COMPILER_APPICON_NAME = AppIcon;
				CODE_SIGN_STYLE = Manual;
				DEVELOPMENT_TEAM = DZ26N5DKRJ;
				INFOPLIST_FILE = CustomDemo10/Info.plist;
				IPHONEOS_DEPLOYMENT_TARGET = 10.3;
				LD_RUNPATH_SEARCH_PATHS = (
					"$(inherited)",
					"@executable_path/Frameworks",
				);
				OTHER_LDFLAGS = "-ObjC";
				PRODUCT_BUNDLE_IDENTIFIER = com.jy.t11;
				PRODUCT_NAME = "$(TARGET_NAME)";
				PROVISIONING_PROFILE_SPECIFIER = t11dev;
				SYSTEM_HEADER_SEARCH_PATHS = (
					"\"$(SRCROOT)/../HYYBase\"",
					"\"$(SRCROOT)/../HYYHom\"",
				);
				TARGETED_DEVICE_FAMILY = "1,2";
			};
			name = Debug;
		};
		85C8773922699A53004504BE /* Release */ = {
			isa = XCBuildConfiguration;
			baseConfigurationReference = 2744256768DB47432BCE0A66 /* Pods-CustomDemo10.release.xcconfig */;
			buildSettings = {
				ASSETCATALOG_COMPILER_APPICON_NAME = AppIcon;
				CODE_SIGN_STYLE = Manual;
				DEVELOPMENT_TEAM = "";
				INFOPLIST_FILE = CustomDemo10/Info.plist;
				IPHONEOS_DEPLOYMENT_TARGET = 10.3;
				LD_RUNPATH_SEARCH_PATHS = (
					"$(inherited)",
					"@executable_path/Frameworks",
				);
				OTHER_LDFLAGS = "-ObjC";
				PRODUCT_BUNDLE_IDENTIFIER = com.jy.t11;
				PRODUCT_NAME = "$(TARGET_NAME)";
				PROVISIONING_PROFILE_SPECIFIER = "";
				SYSTEM_HEADER_SEARCH_PATHS = (
					"\"$(SRCROOT)/../HYYBase\"",
					"\"$(SRCROOT)/../HYYHom\"",
				);
				TARGETED_DEVICE_FAMILY = "1,2";
			};
			name = Release;
		};
		85C877CB2269CBA5004504BE /* Debug */ = {
			isa = XCBuildConfiguration;
			baseConfigurationReference = 5DEFF8DAF52DA7E0BEF78901 /* Pods-CustomDemoDebug.debug.xcconfig */;
			buildSettings = {
				ASSETCATALOG_COMPILER_APPICON_NAME = AppIcon;
				CODE_SIGN_STYLE = Manual;
				DEVELOPMENT_TEAM = DZ26N5DKRJ;
				GCC_PREPROCESSOR_DEFINITIONS = (
					"$(inherited)",
					"COCOAPODS=1",
					"DemoTest=1",
				);
				INFOPLIST_FILE = CustomDemo10Debug.plist;
				IPHONEOS_DEPLOYMENT_TARGET = 10.3;
				LD_RUNPATH_SEARCH_PATHS = (
					"$(inherited)",
					"@executable_path/Frameworks",
				);
				OTHER_LDFLAGS = "-ObjC";
				PRODUCT_BUNDLE_IDENTIFIER = com.jy.t11;
				PRODUCT_NAME = "$(TARGET_NAME)";
				PROVISIONING_PROFILE_SPECIFIER = t11dev;
				SYSTEM_HEADER_SEARCH_PATHS = (
					"\"$(SRCROOT)/../HYYBase\"",
					"\"$(SRCROOT)/../HYYHom\"",
				);
				TARGETED_DEVICE_FAMILY = "1,2";
			};
			name = Debug;
		};
		85C877CC2269CBA5004504BE /* Release */ = {
			isa = XCBuildConfiguration;
			baseConfigurationReference = 14D8D75A229C21BB549AB8D6 /* Pods-CustomDemoDebug.release.xcconfig */;
			buildSettings = {
				ASSETCATALOG_COMPILER_APPICON_NAME = AppIcon;
				CODE_SIGN_STYLE = Manual;
				DEVELOPMENT_TEAM = "";
				INFOPLIST_FILE = CustomDemo10Debug.plist;
				IPHONEOS_DEPLOYMENT_TARGET = 10.3;
				LD_RUNPATH_SEARCH_PATHS = (
					"$(inherited)",
					"@executable_path/Frameworks",
				);
				OTHER_LDFLAGS = "-ObjC";
				PRODUCT_BUNDLE_IDENTIFIER = com.jy.t11;
				PRODUCT_NAME = "$(TARGET_NAME)";
				PROVISIONING_PROFILE_SPECIFIER = "";
				SYSTEM_HEADER_SEARCH_PATHS = (
					"\"$(SRCROOT)/../HYYBase\"",
					"\"$(SRCROOT)/../HYYHom\"",
				);
				TARGETED_DEVICE_FAMILY = "1,2";
			};
			name = Release;
		};
/* End XCBuildConfiguration section */

/* Begin XCConfigurationList section */
		85C8771C22699A52004504BE /* Build configuration list for PBXProject "CustomDemo10" */ = {
			isa = XCConfigurationList;
			buildConfigurations = (
				85C8773522699A53004504BE /* Debug */,
				85C8773622699A53004504BE /* Release */,
			);
			defaultConfigurationIsVisible = 0;
			defaultConfigurationName = Release;
		};
		85C8773722699A53004504BE /* Build configuration list for PBXNativeTarget "CustomDemo10" */ = {
			isa = XCConfigurationList;
			buildConfigurations = (
				85C8773822699A53004504BE /* Debug */,
				85C8773922699A53004504BE /* Release */,
			);
			defaultConfigurationIsVisible = 0;
			defaultConfigurationName = Release;
		};
		85C877CA2269CBA5004504BE /* Build configuration list for PBXNativeTarget "CustomDemoDebug" */ = {
			isa = XCConfigurationList;
			buildConfigurations = (
				85C877CB2269CBA5004504BE /* Debug */,
				85C877CC2269CBA5004504BE /* Release */,
			);
			defaultConfigurationIsVisible = 0;
			defaultConfigurationName = Release;
		};
/* End XCConfigurationList section */
	};
	rootObject = 85C8771922699A52004504BE /* Project object */;
}
