PODS:
  - Bugly (2.4.8)
  - Masonry (1.0.2)

DEPENDENCIES:
  - Bugly (= 2.4.8)
  - Masonry (~> 1.0.2)

SPEC REPOS:
  https://github.com/cocoapods/specs.git:
    - Bugly
    - Masonry

SPEC CHECKSUMS:
  Bugly: da3c02408c14838d498429320545a8e439392978
  Masonry: 7c429b56da9d4ee0bbb3ed77a5ea710d6a5df39e

PODFILE CHECKSUM: e8a1934e116ec8dddad24b7e45f37353c8ed3860

COCOAPODS: 1.6.1
